
Microsoft Visual Studio Solution File, Format Version 12.00
# Visual Studio Version 16
VisualStudioVersion = 16.0.29806.167
MinimumVisualStudioVersion = 10.0.40219.1
Project("{FAE04EC0-301F-11D3-BF4B-00C04F79EFBC}") = "ReversePolishNotationCalculator", "ReversePolishNotationCalculator\ReversePolishNotationCalculator.csproj", "{06EC688D-B7BD-4C95-9C26-A8CD9718D0CF}"
EndProject
Project("{FAE04EC0-301F-11D3-BF4B-00C04F79EFBC}") = "RPNCalculatorTests", "RPNCalculatorTests\RPNCalculatorTests.csproj", "{2F52420B-A2F3-46CA-B4B9-0458A5A534BF}"
EndProject
Project("{2150E333-8FDC-42A3-9474-1A3956D46DE8}") = "Solution Items", "Solution Items", "{70D8FBB5-CF42-4C0E-9B48-38CE8F311D81}"
EndProject
Global
	GlobalSection(SolutionConfigurationPlatforms) = preSolution
		Debug|Any CPU = Debug|Any CPU
		Release|Any CPU = Release|Any CPU
	EndGlobalSection
	GlobalSection(ProjectConfigurationPlatforms) = postSolution
		{06EC688D-B7BD-4C95-9C26-A8CD9718D0CF}.Debug|Any CPU.ActiveCfg = Debug|Any CPU
		{06EC688D-B7BD-4C95-9C26-A8CD9718D0CF}.Debug|Any CPU.Build.0 = Debug|Any CPU
		{06EC688D-B7BD-4C95-9C26-A8CD9718D0CF}.Release|Any CPU.ActiveCfg = Release|Any CPU
		{06EC688D-B7BD-4C95-9C26-A8CD9718D0CF}.Release|Any CPU.Build.0 = Release|Any CPU
		{2F52420B-A2F3-46CA-B4B9-0458A5A534BF}.Debug|Any CPU.ActiveCfg = Debug|Any CPU
		{2F52420B-A2F3-46CA-B4B9-0458A5A534BF}.Debug|Any CPU.Build.0 = Debug|Any CPU
		{2F52420B-A2F3-46CA-B4B9-0458A5A534BF}.Release|Any CPU.ActiveCfg = Release|Any CPU
		{2F52420B-A2F3-46CA-B4B9-0458A5A534BF}.Release|Any CPU.Build.0 = Release|Any CPU
	EndGlobalSection
	GlobalSection(SolutionProperties) = preSolution
		HideSolutionNode = FALSE
	EndGlobalSection
	GlobalSection(ExtensibilityGlobals) = postSolution
		SolutionGuid = {2102D835-F578-4C1C-B228-4DF81C100B09}
	EndGlobalSection
EndGlobal
